# This file is automatically @generated by Poetry 2.1.2 and should not be changed by hand.

[[package]]
name = "xonsh"
version = "0.14.0"
description = "Python-powered, cross-platform, Unix-gazing shell"
optional = false
python-versions = ">=3.8"
groups = ["main"]
files = [
    {file = "xonsh-0.14.0-py310-none-any.whl", hash = "sha256:72506c6dc494103df6d04467e127abddb1c6cbe05cc5903b6a4cbfbad217ff5d"},
    {file = "xonsh-0.14.0-py311-none-any.whl", hash = "sha256:678a65671bd0a62cdc43e932d6aecc8b1622aa18942e0afb388b8b8ae02f67a5"},
    {file = "xonsh-0.14.0-py38-none-any.whl", hash = "sha256:25976edc5695fb5806b8b23f384ff48e618e07f4596ec0806007f63122917a83"},
    {file = "xonsh-0.14.0-py39-none-any.whl", hash = "sha256:751b615726d2322d43c8166ad4bc5cbe65d03a3728f1837aa02380fa9fadb189"},
    {file = "xonsh-0.14.0.tar.gz", hash = "sha256:45a8aaabb17ce0d6d4eca9b709ecfd7ce1c8fb92162decd29a45bf88a60e9bf1"},
]

[package.extras]
bestshell = ["prompt-toolkit (>=3.0.29)", "pygments (>=2.2)"]
dev = ["pre-commit", "re-ver", "tomli", "xonsh[doc,test]"]
doc = ["doctr", "furo", "livereload", "matplotlib", "myst-parser", "numpydoc", "psutil", "pyzmq", "runthis-sphinxext", "sphinx (>=3.1,<5)", "tornado", "xonsh[bestshell]"]
full = ["distro ; platform_system == \"Linux\"", "gnureadline ; platform_system == \"Darwin\"", "setproctitle ; platform_system == \"Windows\"", "ujson", "xonsh[ptk,pygments]"]
linux = ["distro"]
mac = ["gnureadline"]
proctitle = ["setproctitle"]
ptk = ["prompt-toolkit (>=3.0.29)", "pyperclip"]
pygments = ["pygments (>=2.2)"]
test = ["coverage (>=5.3.1)", "prompt-toolkit (>=3.0.29)", "pygments (>=2.2)", "pyte (>=0.8.0)", "pytest (>=7)", "pytest-cov", "pytest-mock", "pytest-rerunfailures", "pytest-subprocess", "pytest-timeout", "restructuredtext-lint", "virtualenv (>=20.16.2)", "xonsh[bestshell]"]

[metadata]
lock-version = "2.1"
python-versions = ">=3.8"
content-hash = "c5246e04dbfa39b853c9651e2e062caa93a98ff4f3a991e95114756fa88f1590"
